
Microsoft Visual Studio Solution File, Format Version 12.00
# Visual Studio Version 17
VisualStudioVersion = 17.0.31903.59
MinimumVisualStudioVersion = 10.0.40219.1
Project("{2150E333-8FDC-42A3-9474-1A3956D46DE8}") = "src", "src", "{D297B44E-BCE4-4908-88B1-F6B48277B9DD}"
EndProject
Project("{2150E333-8FDC-42A3-9474-1A3956D46DE8}") = "test", "test", "{14F0B408-AB76-4C5A-98C0-6C9281A804B2}"
EndProject
Project("{FAE04EC0-301F-11D3-BF4B-00C04F79EFBC}") = "Helpers", "src\Helpers\Helpers.csproj", "{413BBFE2-B500-494C-989C-6B3402719341}"
EndProject
Project("{FAE04EC0-301F-11D3-BF4B-00C04F79EFBC}") = "Domain", "src\Domain\Domain.csproj", "{FB71EF27-3E32-450D-B4D4-311AAB98F939}"
EndProject
Project("{FAE04EC0-301F-11D3-BF4B-00C04F79EFBC}") = "Application", "src\Application\Application.csproj", "{A9BA6E6A-F2B5-4C53-8FFB-6230ABAFC101}"
EndProject
Project("{FAE04EC0-301F-11D3-BF4B-00C04F79EFBC}") = "Infrastructure", "src\Infrastructure\Infrastructure.csproj", "{8148F176-9406-49F0-BAC2-3ACD8230DD7F}"
EndProject
Project("{FAE04EC0-301F-11D3-BF4B-00C04F79EFBC}") = "Bootstrap", "src\Bootstrap\Bootstrap.csproj", "{EACB909B-88A5-4349-8BE6-6CC59367CFE0}"
EndProject
Project("{FAE04EC0-301F-11D3-BF4B-00C04F79EFBC}") = "Minio", "src\Minio\Minio.csproj", "{DD518213-A23E-41CA-AA4D-6F6AF832CEE7}"
EndProject
Project("{FAE04EC0-301F-11D3-BF4B-00C04F79EFBC}") = "ConsoleTest", "test\ConsoleTest\ConsoleTest.csproj", "{10F757CF-4754-4E7D-90C3-A26ADDD0A1E1}"
EndProject
Project("{FAE04EC0-301F-11D3-BF4B-00C04F79EFBC}") = "UnitTests", "test\UnitTests\UnitTests.csproj", "{A27F4F66-AC78-4FC6-BD94-26FACF98CC72}"
EndProject
Project("{FAE04EC0-301F-11D3-BF4B-00C04F79EFBC}") = "LiveE2E", "test\LiveE2E\LiveE2E.csproj", "{FDB31E45-2668-4E51-A087-0225EE33A900}"
EndProject
Project("{FAE04EC0-301F-11D3-BF4B-00C04F79EFBC}") = "TestSupport", "test\TestSupport\TestSupport.csproj", "{6E554813-3259-4140-90C9-05524B918AA9}"
EndProject
Project("{FAE04EC0-301F-11D3-BF4B-00C04F79EFBC}") = "InMemoryE2E", "test\InMemoryE2E\InMemoryE2E.csproj", "{02CAB46E-E94B-4037-B558-F368821B7E6E}"
EndProject
Project("{FAE04EC0-301F-11D3-BF4B-00C04F79EFBC}") = "DockerMinioE2ETests", "test\DockerMinioE2ETests\DockerMinioE2ETests.csproj", "{9DD2723C-1643-4686-AB51-B00E86932E71}"
EndProject
Project("{FAE04EC0-301F-11D3-BF4B-00C04F79EFBC}") = "SmokeTest", "test\SmokeTest\SmokeTest.csproj", "{C24078EE-D1A2-48E4-9DD6-3D40F80220C0}"
EndProject
Global
	GlobalSection(SolutionConfigurationPlatforms) = preSolution
		Debug|Any CPU = Debug|Any CPU
		Debug|x64 = Debug|x64
		Debug|x86 = Debug|x86
		Release|Any CPU = Release|Any CPU
		Release|x64 = Release|x64
		Release|x86 = Release|x86
	EndGlobalSection
	GlobalSection(ProjectConfigurationPlatforms) = postSolution
		{413BBFE2-B500-494C-989C-6B3402719341}.Debug|Any CPU.ActiveCfg = Debug|Any CPU
		{413BBFE2-B500-494C-989C-6B3402719341}.Debug|Any CPU.Build.0 = Debug|Any CPU
		{413BBFE2-B500-494C-989C-6B3402719341}.Debug|x64.ActiveCfg = Debug|Any CPU
		{413BBFE2-B500-494C-989C-6B3402719341}.Debug|x64.Build.0 = Debug|Any CPU
		{413BBFE2-B500-494C-989C-6B3402719341}.Debug|x86.ActiveCfg = Debug|Any CPU
		{413BBFE2-B500-494C-989C-6B3402719341}.Debug|x86.Build.0 = Debug|Any CPU
		{413BBFE2-B500-494C-989C-6B3402719341}.Release|Any CPU.ActiveCfg = Release|Any CPU
		{413BBFE2-B500-494C-989C-6B3402719341}.Release|Any CPU.Build.0 = Release|Any CPU
		{413BBFE2-B500-494C-989C-6B3402719341}.Release|x64.ActiveCfg = Release|Any CPU
		{413BBFE2-B500-494C-989C-6B3402719341}.Release|x64.Build.0 = Release|Any CPU
		{413BBFE2-B500-494C-989C-6B3402719341}.Release|x86.ActiveCfg = Release|Any CPU
		{413BBFE2-B500-494C-989C-6B3402719341}.Release|x86.Build.0 = Release|Any CPU
		{FB71EF27-3E32-450D-B4D4-311AAB98F939}.Debug|Any CPU.ActiveCfg = Debug|Any CPU
		{FB71EF27-3E32-450D-B4D4-311AAB98F939}.Debug|Any CPU.Build.0 = Debug|Any CPU
		{FB71EF27-3E32-450D-B4D4-311AAB98F939}.Debug|x64.ActiveCfg = Debug|Any CPU
		{FB71EF27-3E32-450D-B4D4-311AAB98F939}.Debug|x64.Build.0 = Debug|Any CPU
		{FB71EF27-3E32-450D-B4D4-311AAB98F939}.Debug|x86.ActiveCfg = Debug|Any CPU
		{FB71EF27-3E32-450D-B4D4-311AAB98F939}.Debug|x86.Build.0 = Debug|Any CPU
		{FB71EF27-3E32-450D-B4D4-311AAB98F939}.Release|Any CPU.ActiveCfg = Release|Any CPU
		{FB71EF27-3E32-450D-B4D4-311AAB98F939}.Release|Any CPU.Build.0 = Release|Any CPU
		{FB71EF27-3E32-450D-B4D4-311AAB98F939}.Release|x64.ActiveCfg = Release|Any CPU
		{FB71EF27-3E32-450D-B4D4-311AAB98F939}.Release|x64.Build.0 = Release|Any CPU
		{FB71EF27-3E32-450D-B4D4-311AAB98F939}.Release|x86.ActiveCfg = Release|Any CPU
		{FB71EF27-3E32-450D-B4D4-311AAB98F939}.Release|x86.Build.0 = Release|Any CPU
		{A9BA6E6A-F2B5-4C53-8FFB-6230ABAFC101}.Debug|Any CPU.ActiveCfg = Debug|Any CPU
		{A9BA6E6A-F2B5-4C53-8FFB-6230ABAFC101}.Debug|Any CPU.Build.0 = Debug|Any CPU
		{A9BA6E6A-F2B5-4C53-8FFB-6230ABAFC101}.Debug|x64.ActiveCfg = Debug|Any CPU
		{A9BA6E6A-F2B5-4C53-8FFB-6230ABAFC101}.Debug|x64.Build.0 = Debug|Any CPU
		{A9BA6E6A-F2B5-4C53-8FFB-6230ABAFC101}.Debug|x86.ActiveCfg = Debug|Any CPU
		{A9BA6E6A-F2B5-4C53-8FFB-6230ABAFC101}.Debug|x86.Build.0 = Debug|Any CPU
		{A9BA6E6A-F2B5-4C53-8FFB-6230ABAFC101}.Release|Any CPU.ActiveCfg = Release|Any CPU
		{A9BA6E6A-F2B5-4C53-8FFB-6230ABAFC101}.Release|Any CPU.Build.0 = Release|Any CPU
		{A9BA6E6A-F2B5-4C53-8FFB-6230ABAFC101}.Release|x64.ActiveCfg = Release|Any CPU
		{A9BA6E6A-F2B5-4C53-8FFB-6230ABAFC101}.Release|x64.Build.0 = Release|Any CPU
		{A9BA6E6A-F2B5-4C53-8FFB-6230ABAFC101}.Release|x86.ActiveCfg = Release|Any CPU
		{A9BA6E6A-F2B5-4C53-8FFB-6230ABAFC101}.Release|x86.Build.0 = Release|Any CPU
		{8148F176-9406-49F0-BAC2-3ACD8230DD7F}.Debug|Any CPU.ActiveCfg = Debug|Any CPU
		{8148F176-9406-49F0-BAC2-3ACD8230DD7F}.Debug|Any CPU.Build.0 = Debug|Any CPU
		{8148F176-9406-49F0-BAC2-3ACD8230DD7F}.Debug|x64.ActiveCfg = Debug|Any CPU
		{8148F176-9406-49F0-BAC2-3ACD8230DD7F}.Debug|x64.Build.0 = Debug|Any CPU
		{8148F176-9406-49F0-BAC2-3ACD8230DD7F}.Debug|x86.ActiveCfg = Debug|Any CPU
		{8148F176-9406-49F0-BAC2-3ACD8230DD7F}.Debug|x86.Build.0 = Debug|Any CPU
		{8148F176-9406-49F0-BAC2-3ACD8230DD7F}.Release|Any CPU.ActiveCfg = Release|Any CPU
		{8148F176-9406-49F0-BAC2-3ACD8230DD7F}.Release|Any CPU.Build.0 = Release|Any CPU
		{8148F176-9406-49F0-BAC2-3ACD8230DD7F}.Release|x64.ActiveCfg = Release|Any CPU
		{8148F176-9406-49F0-BAC2-3ACD8230DD7F}.Release|x64.Build.0 = Release|Any CPU
		{8148F176-9406-49F0-BAC2-3ACD8230DD7F}.Release|x86.ActiveCfg = Release|Any CPU
		{8148F176-9406-49F0-BAC2-3ACD8230DD7F}.Release|x86.Build.0 = Release|Any CPU
		{EACB909B-88A5-4349-8BE6-6CC59367CFE0}.Debug|Any CPU.ActiveCfg = Debug|Any CPU
		{EACB909B-88A5-4349-8BE6-6CC59367CFE0}.Debug|Any CPU.Build.0 = Debug|Any CPU
		{EACB909B-88A5-4349-8BE6-6CC59367CFE0}.Debug|x64.ActiveCfg = Debug|Any CPU
		{EACB909B-88A5-4349-8BE6-6CC59367CFE0}.Debug|x64.Build.0 = Debug|Any CPU
		{EACB909B-88A5-4349-8BE6-6CC59367CFE0}.Debug|x86.ActiveCfg = Debug|Any CPU
		{EACB909B-88A5-4349-8BE6-6CC59367CFE0}.Debug|x86.Build.0 = Debug|Any CPU
		{EACB909B-88A5-4349-8BE6-6CC59367CFE0}.Release|Any CPU.ActiveCfg = Release|Any CPU
		{EACB909B-88A5-4349-8BE6-6CC59367CFE0}.Release|Any CPU.Build.0 = Release|Any CPU
		{EACB909B-88A5-4349-8BE6-6CC59367CFE0}.Release|x64.ActiveCfg = Release|Any CPU
		{EACB909B-88A5-4349-8BE6-6CC59367CFE0}.Release|x64.Build.0 = Release|Any CPU
		{EACB909B-88A5-4349-8BE6-6CC59367CFE0}.Release|x86.ActiveCfg = Release|Any CPU
		{EACB909B-88A5-4349-8BE6-6CC59367CFE0}.Release|x86.Build.0 = Release|Any CPU
		{DD518213-A23E-41CA-AA4D-6F6AF832CEE7}.Debug|Any CPU.ActiveCfg = Debug|Any CPU
		{DD518213-A23E-41CA-AA4D-6F6AF832CEE7}.Debug|Any CPU.Build.0 = Debug|Any CPU
		{DD518213-A23E-41CA-AA4D-6F6AF832CEE7}.Debug|x64.ActiveCfg = Debug|Any CPU
		{DD518213-A23E-41CA-AA4D-6F6AF832CEE7}.Debug|x64.Build.0 = Debug|Any CPU
		{DD518213-A23E-41CA-AA4D-6F6AF832CEE7}.Debug|x86.ActiveCfg = Debug|Any CPU
		{DD518213-A23E-41CA-AA4D-6F6AF832CEE7}.Debug|x86.Build.0 = Debug|Any CPU
		{DD518213-A23E-41CA-AA4D-6F6AF832CEE7}.Release|Any CPU.ActiveCfg = Release|Any CPU
		{DD518213-A23E-41CA-AA4D-6F6AF832CEE7}.Release|Any CPU.Build.0 = Release|Any CPU
		{DD518213-A23E-41CA-AA4D-6F6AF832CEE7}.Release|x64.ActiveCfg = Release|Any CPU
		{DD518213-A23E-41CA-AA4D-6F6AF832CEE7}.Release|x64.Build.0 = Release|Any CPU
		{DD518213-A23E-41CA-AA4D-6F6AF832CEE7}.Release|x86.ActiveCfg = Release|Any CPU
		{DD518213-A23E-41CA-AA4D-6F6AF832CEE7}.Release|x86.Build.0 = Release|Any CPU
		{10F757CF-4754-4E7D-90C3-A26ADDD0A1E1}.Debug|Any CPU.ActiveCfg = Debug|Any CPU
		{10F757CF-4754-4E7D-90C3-A26ADDD0A1E1}.Debug|Any CPU.Build.0 = Debug|Any CPU
		{10F757CF-4754-4E7D-90C3-A26ADDD0A1E1}.Debug|x64.ActiveCfg = Debug|Any CPU
		{10F757CF-4754-4E7D-90C3-A26ADDD0A1E1}.Debug|x64.Build.0 = Debug|Any CPU
		{10F757CF-4754-4E7D-90C3-A26ADDD0A1E1}.Debug|x86.ActiveCfg = Debug|Any CPU
		{10F757CF-4754-4E7D-90C3-A26ADDD0A1E1}.Debug|x86.Build.0 = Debug|Any CPU
		{10F757CF-4754-4E7D-90C3-A26ADDD0A1E1}.Release|Any CPU.ActiveCfg = Release|Any CPU
		{10F757CF-4754-4E7D-90C3-A26ADDD0A1E1}.Release|Any CPU.Build.0 = Release|Any CPU
		{10F757CF-4754-4E7D-90C3-A26ADDD0A1E1}.Release|x64.ActiveCfg = Release|Any CPU
		{10F757CF-4754-4E7D-90C3-A26ADDD0A1E1}.Release|x64.Build.0 = Release|Any CPU
		{10F757CF-4754-4E7D-90C3-A26ADDD0A1E1}.Release|x86.ActiveCfg = Release|Any CPU
		{10F757CF-4754-4E7D-90C3-A26ADDD0A1E1}.Release|x86.Build.0 = Release|Any CPU
		{A27F4F66-AC78-4FC6-BD94-26FACF98CC72}.Debug|Any CPU.ActiveCfg = Debug|Any CPU
		{A27F4F66-AC78-4FC6-BD94-26FACF98CC72}.Debug|Any CPU.Build.0 = Debug|Any CPU
		{A27F4F66-AC78-4FC6-BD94-26FACF98CC72}.Debug|x64.ActiveCfg = Debug|Any CPU
		{A27F4F66-AC78-4FC6-BD94-26FACF98CC72}.Debug|x64.Build.0 = Debug|Any CPU
		{A27F4F66-AC78-4FC6-BD94-26FACF98CC72}.Debug|x86.ActiveCfg = Debug|Any CPU
		{A27F4F66-AC78-4FC6-BD94-26FACF98CC72}.Debug|x86.Build.0 = Debug|Any CPU
		{A27F4F66-AC78-4FC6-BD94-26FACF98CC72}.Release|Any CPU.ActiveCfg = Release|Any CPU
		{A27F4F66-AC78-4FC6-BD94-26FACF98CC72}.Release|Any CPU.Build.0 = Release|Any CPU
		{A27F4F66-AC78-4FC6-BD94-26FACF98CC72}.Release|x64.ActiveCfg = Release|Any CPU
		{A27F4F66-AC78-4FC6-BD94-26FACF98CC72}.Release|x64.Build.0 = Release|Any CPU
		{A27F4F66-AC78-4FC6-BD94-26FACF98CC72}.Release|x86.ActiveCfg = Release|Any CPU
		{A27F4F66-AC78-4FC6-BD94-26FACF98CC72}.Release|x86.Build.0 = Release|Any CPU
		{FDB31E45-2668-4E51-A087-0225EE33A900}.Debug|Any CPU.ActiveCfg = Debug|Any CPU
		{FDB31E45-2668-4E51-A087-0225EE33A900}.Debug|Any CPU.Build.0 = Debug|Any CPU
		{FDB31E45-2668-4E51-A087-0225EE33A900}.Debug|x64.ActiveCfg = Debug|Any CPU
		{FDB31E45-2668-4E51-A087-0225EE33A900}.Debug|x64.Build.0 = Debug|Any CPU
		{FDB31E45-2668-4E51-A087-0225EE33A900}.Debug|x86.ActiveCfg = Debug|Any CPU
		{FDB31E45-2668-4E51-A087-0225EE33A900}.Debug|x86.Build.0 = Debug|Any CPU
		{FDB31E45-2668-4E51-A087-0225EE33A900}.Release|Any CPU.ActiveCfg = Release|Any CPU
		{FDB31E45-2668-4E51-A087-0225EE33A900}.Release|Any CPU.Build.0 = Release|Any CPU
		{FDB31E45-2668-4E51-A087-0225EE33A900}.Release|x64.ActiveCfg = Release|Any CPU
		{FDB31E45-2668-4E51-A087-0225EE33A900}.Release|x64.Build.0 = Release|Any CPU
		{FDB31E45-2668-4E51-A087-0225EE33A900}.Release|x86.ActiveCfg = Release|Any CPU
		{FDB31E45-2668-4E51-A087-0225EE33A900}.Release|x86.Build.0 = Release|Any CPU
		{6E554813-3259-4140-90C9-05524B918AA9}.Debug|Any CPU.ActiveCfg = Debug|Any CPU
		{6E554813-3259-4140-90C9-05524B918AA9}.Debug|Any CPU.Build.0 = Debug|Any CPU
		{6E554813-3259-4140-90C9-05524B918AA9}.Debug|x64.ActiveCfg = Debug|Any CPU
		{6E554813-3259-4140-90C9-05524B918AA9}.Debug|x64.Build.0 = Debug|Any CPU
		{6E554813-3259-4140-90C9-05524B918AA9}.Debug|x86.ActiveCfg = Debug|Any CPU
		{6E554813-3259-4140-90C9-05524B918AA9}.Debug|x86.Build.0 = Debug|Any CPU
		{6E554813-3259-4140-90C9-05524B918AA9}.Release|Any CPU.ActiveCfg = Release|Any CPU
		{6E554813-3259-4140-90C9-05524B918AA9}.Release|Any CPU.Build.0 = Release|Any CPU
		{6E554813-3259-4140-90C9-05524B918AA9}.Release|x64.ActiveCfg = Release|Any CPU
		{6E554813-3259-4140-90C9-05524B918AA9}.Release|x64.Build.0 = Release|Any CPU
		{6E554813-3259-4140-90C9-05524B918AA9}.Release|x86.ActiveCfg = Release|Any CPU
		{6E554813-3259-4140-90C9-05524B918AA9}.Release|x86.Build.0 = Release|Any CPU
		{02CAB46E-E94B-4037-B558-F368821B7E6E}.Debug|Any CPU.ActiveCfg = Debug|Any CPU
		{02CAB46E-E94B-4037-B558-F368821B7E6E}.Debug|Any CPU.Build.0 = Debug|Any CPU
		{02CAB46E-E94B-4037-B558-F368821B7E6E}.Debug|x64.ActiveCfg = Debug|Any CPU
		{02CAB46E-E94B-4037-B558-F368821B7E6E}.Debug|x64.Build.0 = Debug|Any CPU
		{02CAB46E-E94B-4037-B558-F368821B7E6E}.Debug|x86.ActiveCfg = Debug|Any CPU
		{02CAB46E-E94B-4037-B558-F368821B7E6E}.Debug|x86.Build.0 = Debug|Any CPU
		{02CAB46E-E94B-4037-B558-F368821B7E6E}.Release|Any CPU.ActiveCfg = Release|Any CPU
		{02CAB46E-E94B-4037-B558-F368821B7E6E}.Release|Any CPU.Build.0 = Release|Any CPU
		{02CAB46E-E94B-4037-B558-F368821B7E6E}.Release|x64.ActiveCfg = Release|Any CPU
		{02CAB46E-E94B-4037-B558-F368821B7E6E}.Release|x64.Build.0 = Release|Any CPU
		{02CAB46E-E94B-4037-B558-F368821B7E6E}.Release|x86.ActiveCfg = Release|Any CPU
		{02CAB46E-E94B-4037-B558-F368821B7E6E}.Release|x86.Build.0 = Release|Any CPU
		{9DD2723C-1643-4686-AB51-B00E86932E71}.Debug|Any CPU.ActiveCfg = Debug|Any CPU
		{9DD2723C-1643-4686-AB51-B00E86932E71}.Debug|Any CPU.Build.0 = Debug|Any CPU
		{9DD2723C-1643-4686-AB51-B00E86932E71}.Debug|x64.ActiveCfg = Debug|Any CPU
		{9DD2723C-1643-4686-AB51-B00E86932E71}.Debug|x64.Build.0 = Debug|Any CPU
		{9DD2723C-1643-4686-AB51-B00E86932E71}.Debug|x86.ActiveCfg = Debug|Any CPU
		{9DD2723C-1643-4686-AB51-B00E86932E71}.Debug|x86.Build.0 = Debug|Any CPU
		{9DD2723C-1643-4686-AB51-B00E86932E71}.Release|Any CPU.ActiveCfg = Release|Any CPU
		{9DD2723C-1643-4686-AB51-B00E86932E71}.Release|Any CPU.Build.0 = Release|Any CPU
		{9DD2723C-1643-4686-AB51-B00E86932E71}.Release|x64.ActiveCfg = Release|Any CPU
		{9DD2723C-1643-4686-AB51-B00E86932E71}.Release|x64.Build.0 = Release|Any CPU
		{9DD2723C-1643-4686-AB51-B00E86932E71}.Release|x86.ActiveCfg = Release|Any CPU
		{9DD2723C-1643-4686-AB51-B00E86932E71}.Release|x86.Build.0 = Release|Any CPU
		{C24078EE-D1A2-48E4-9DD6-3D40F80220C0}.Debug|Any CPU.ActiveCfg = Debug|Any CPU
		{C24078EE-D1A2-48E4-9DD6-3D40F80220C0}.Debug|Any CPU.Build.0 = Debug|Any CPU
		{C24078EE-D1A2-48E4-9DD6-3D40F80220C0}.Debug|x64.ActiveCfg = Debug|Any CPU
		{C24078EE-D1A2-48E4-9DD6-3D40F80220C0}.Debug|x64.Build.0 = Debug|Any CPU
		{C24078EE-D1A2-48E4-9DD6-3D40F80220C0}.Debug|x86.ActiveCfg = Debug|Any CPU
		{C24078EE-D1A2-48E4-9DD6-3D40F80220C0}.Debug|x86.Build.0 = Debug|Any CPU
		{C24078EE-D1A2-48E4-9DD6-3D40F80220C0}.Release|Any CPU.ActiveCfg = Release|Any CPU
		{C24078EE-D1A2-48E4-9DD6-3D40F80220C0}.Release|Any CPU.Build.0 = Release|Any CPU
		{C24078EE-D1A2-48E4-9DD6-3D40F80220C0}.Release|x64.ActiveCfg = Release|Any CPU
		{C24078EE-D1A2-48E4-9DD6-3D40F80220C0}.Release|x64.Build.0 = Release|Any CPU
		{C24078EE-D1A2-48E4-9DD6-3D40F80220C0}.Release|x86.ActiveCfg = Release|Any CPU
		{C24078EE-D1A2-48E4-9DD6-3D40F80220C0}.Release|x86.Build.0 = Release|Any CPU
	EndGlobalSection
	GlobalSection(SolutionProperties) = preSolution
		HideSolutionNode = FALSE
	EndGlobalSection
	GlobalSection(NestedProjects) = preSolution
		{413BBFE2-B500-494C-989C-6B3402719341} = {D297B44E-BCE4-4908-88B1-F6B48277B9DD}
		{FB71EF27-3E32-450D-B4D4-311AAB98F939} = {D297B44E-BCE4-4908-88B1-F6B48277B9DD}
		{A9BA6E6A-F2B5-4C53-8FFB-6230ABAFC101} = {D297B44E-BCE4-4908-88B1-F6B48277B9DD}
		{8148F176-9406-49F0-BAC2-3ACD8230DD7F} = {D297B44E-BCE4-4908-88B1-F6B48277B9DD}
		{EACB909B-88A5-4349-8BE6-6CC59367CFE0} = {D297B44E-BCE4-4908-88B1-F6B48277B9DD}
		{DD518213-A23E-41CA-AA4D-6F6AF832CEE7} = {D297B44E-BCE4-4908-88B1-F6B48277B9DD}
		{10F757CF-4754-4E7D-90C3-A26ADDD0A1E1} = {14F0B408-AB76-4C5A-98C0-6C9281A804B2}
		{A27F4F66-AC78-4FC6-BD94-26FACF98CC72} = {14F0B408-AB76-4C5A-98C0-6C9281A804B2}
		{FDB31E45-2668-4E51-A087-0225EE33A900} = {14F0B408-AB76-4C5A-98C0-6C9281A804B2}
		{6E554813-3259-4140-90C9-05524B918AA9} = {14F0B408-AB76-4C5A-98C0-6C9281A804B2}
		{02CAB46E-E94B-4037-B558-F368821B7E6E} = {14F0B408-AB76-4C5A-98C0-6C9281A804B2}
		{9DD2723C-1643-4686-AB51-B00E86932E71} = {14F0B408-AB76-4C5A-98C0-6C9281A804B2}
		{C24078EE-D1A2-48E4-9DD6-3D40F80220C0} = {14F0B408-AB76-4C5A-98C0-6C9281A804B2}
	EndGlobalSection
EndGlobal
